
Microsoft Visual Studio Solution File, Format Version 12.00
# Visual Studio Version 17
VisualStudioVersion = 17.1.32421.90
MinimumVisualStudioVersion = 10.0.40219.1
Project("{FAE04EC0-301F-11D3-BF4B-00C04F79EFBC}") = "Line_Computation", "Line_Computation\Line_Computation.csproj", "{2EC68EED-C294-43C9-91BD-D7A31329B4C6}"
EndProject
Global
	GlobalSection(SolutionConfigurationPlatforms) = preSolution
		Debug|Any CPU = Debug|Any CPU
		Release|Any CPU = Release|Any CPU
	EndGlobalSection
	GlobalSection(ProjectConfigurationPlatforms) = postSolution
		{2EC68EED-C294-43C9-91BD-D7A31329B4C6}.Debug|Any CPU.ActiveCfg = Debug|Any CPU
		{2EC68EED-C294-43C9-91BD-D7A31329B4C6}.Debug|Any CPU.Build.0 = Debug|Any CPU
		{2EC68EED-C294-43C9-91BD-D7A31329B4C6}.Release|Any CPU.ActiveCfg = Release|Any CPU
		{2EC68EED-C294-43C9-91BD-D7A31329B4C6}.Release|Any CPU.Build.0 = Release|Any CPU
	EndGlobalSection
	GlobalSection(SolutionProperties) = preSolution
		HideSolutionNode = FALSE
	EndGlobalSection
	GlobalSection(ExtensibilityGlobals) = postSolution
		SolutionGuid = {7703597C-8F1F-4B1B-9CD5-E0AB7CDA58F7}
	EndGlobalSection
EndGlobal
